
Microsoft Visual Studio Solution File, Format Version 12.00
# Visual Studio 15
VisualStudioVersion = 15.0.27428.2015
MinimumVisualStudioVersion = 10.0.40219.1
Project("{FAE04EC0-301F-11D3-BF4B-00C04F79EFBC}") = "EShop", "EShop\EShop.csproj", "{1DD304C8-C93F-4A43-9D8D-9902DC10F2B7}"
EndProject
Project("{FAE04EC0-301F-11D3-BF4B-00C04F79EFBC}") = "DAL", "DAL\DAL.csproj", "{ADBCDA71-58EF-47A8-937A-9C02D0ACEA50}"
EndProject
Project("{FAE04EC0-301F-11D3-BF4B-00C04F79EFBC}") = "BLL", "BLL\BLL.csproj", "{9BB6BFAC-B360-443B-BE27-085A9B3E1F24}"
EndProject
Project("{FAE04EC0-301F-11D3-BF4B-00C04F79EFBC}") = "BOL", "DOL\BOL.csproj", "{69D1EF68-FAD0-4A5A-888C-31DF8794647F}"
EndProject
Project("{FAE04EC0-301F-11D3-BF4B-00C04F79EFBC}") = "DAL_API", "DAL_API\DAL_API.csproj", "{EC1749EB-DBC8-46EC-82FA-ADC48E93D649}"
EndProject
Project("{FAE04EC0-301F-11D3-BF4B-00C04F79EFBC}") = "BLL_API", "BLL_API\BLL_API.csproj", "{10EC616D-8F34-4B09-A0D2-F549EF1F306C}"
EndProject
Global
	GlobalSection(SolutionConfigurationPlatforms) = preSolution
		Debug|Any CPU = Debug|Any CPU
		Release|Any CPU = Release|Any CPU
	EndGlobalSection
	GlobalSection(ProjectConfigurationPlatforms) = postSolution
		{1DD304C8-C93F-4A43-9D8D-9902DC10F2B7}.Debug|Any CPU.ActiveCfg = Debug|Any CPU
		{1DD304C8-C93F-4A43-9D8D-9902DC10F2B7}.Debug|Any CPU.Build.0 = Debug|Any CPU
		{1DD304C8-C93F-4A43-9D8D-9902DC10F2B7}.Release|Any CPU.ActiveCfg = Release|Any CPU
		{1DD304C8-C93F-4A43-9D8D-9902DC10F2B7}.Release|Any CPU.Build.0 = Release|Any CPU
		{ADBCDA71-58EF-47A8-937A-9C02D0ACEA50}.Debug|Any CPU.ActiveCfg = Debug|Any CPU
		{ADBCDA71-58EF-47A8-937A-9C02D0ACEA50}.Debug|Any CPU.Build.0 = Debug|Any CPU
		{ADBCDA71-58EF-47A8-937A-9C02D0ACEA50}.Release|Any CPU.ActiveCfg = Release|Any CPU
		{ADBCDA71-58EF-47A8-937A-9C02D0ACEA50}.Release|Any CPU.Build.0 = Release|Any CPU
		{9BB6BFAC-B360-443B-BE27-085A9B3E1F24}.Debug|Any CPU.ActiveCfg = Debug|Any CPU
		{9BB6BFAC-B360-443B-BE27-085A9B3E1F24}.Debug|Any CPU.Build.0 = Debug|Any CPU
		{9BB6BFAC-B360-443B-BE27-085A9B3E1F24}.Release|Any CPU.ActiveCfg = Release|Any CPU
		{9BB6BFAC-B360-443B-BE27-085A9B3E1F24}.Release|Any CPU.Build.0 = Release|Any CPU
		{69D1EF68-FAD0-4A5A-888C-31DF8794647F}.Debug|Any CPU.ActiveCfg = Debug|Any CPU
		{69D1EF68-FAD0-4A5A-888C-31DF8794647F}.Debug|Any CPU.Build.0 = Debug|Any CPU
		{69D1EF68-FAD0-4A5A-888C-31DF8794647F}.Release|Any CPU.ActiveCfg = Release|Any CPU
		{69D1EF68-FAD0-4A5A-888C-31DF8794647F}.Release|Any CPU.Build.0 = Release|Any CPU
		{EC1749EB-DBC8-46EC-82FA-ADC48E93D649}.Debug|Any CPU.ActiveCfg = Debug|Any CPU
		{EC1749EB-DBC8-46EC-82FA-ADC48E93D649}.Debug|Any CPU.Build.0 = Debug|Any CPU
		{EC1749EB-DBC8-46EC-82FA-ADC48E93D649}.Release|Any CPU.ActiveCfg = Release|Any CPU
		{EC1749EB-DBC8-46EC-82FA-ADC48E93D649}.Release|Any CPU.Build.0 = Release|Any CPU
		{10EC616D-8F34-4B09-A0D2-F549EF1F306C}.Debug|Any CPU.ActiveCfg = Debug|Any CPU
		{10EC616D-8F34-4B09-A0D2-F549EF1F306C}.Debug|Any CPU.Build.0 = Debug|Any CPU
		{10EC616D-8F34-4B09-A0D2-F549EF1F306C}.Release|Any CPU.ActiveCfg = Release|Any CPU
		{10EC616D-8F34-4B09-A0D2-F549EF1F306C}.Release|Any CPU.Build.0 = Release|Any CPU
	EndGlobalSection
	GlobalSection(SolutionProperties) = preSolution
		HideSolutionNode = FALSE
	EndGlobalSection
	GlobalSection(ExtensibilityGlobals) = postSolution
		SolutionGuid = {5F20F993-04D7-457A-B020-3A08CF4B073D}
	EndGlobalSection
EndGlobal
